<Solution>
  <Folder Name="/Solution Items/">
    <File Path=".env" />
    <File Path=".github/workflows/build.yml" />
    <File Path=".gitignore" />
    <File Path="docker-compose.yml" />
    <File Path="README.md" />
  </Folder>
  <Folder Name="/src/">
    <Project Path="src/Application/Application.csproj" />
    <Project Path="src/Domain/Domain.csproj" />
    <Project Path="src/Infrastructure/Infrastructure.csproj" />
    <Project Path="src/Server/Server.csproj" />
    <Project Path="src/Chittak.Protocol/Chittak.Protocol.csproj" />
    <Project Path="src/client/Chittak.Desktop/Chittak.Desktop.csproj" />
  </Folder>
  <Folder Name="/tests/">
    <Project Path="tests/Chittak.IntegrationTests/Chittak.IntegrationTests.csproj" />
    <Project Path="tests/Chittak.UnitTests/Chittak.UnitTests.csproj" />
  </Folder>
</Solution>
